
Microsoft Visual Studio Solution File, Format Version 12.00
# Visual Studio Version 17
VisualStudioVersion = 17.0.31903.59
MinimumVisualStudioVersion = 10.0.40219.1
Project("{2150E333-8FDC-42A3-9474-1A3956D46DE8}") = "src", "src", "{827E0CD3-B72D-47B6-A68D-7590B98EB39B}"
EndProject
Project("{FAE04EC0-301F-11D3-BF4B-00C04F79EFBC}") = "TaskbarMonitor", "src\TaskbarMonitor.csproj", "{EE2C3D3E-1705-401D-8A8B-539F74856AAB}"
EndProject
Project("{2150E333-8FDC-42A3-9474-1A3956D46DE8}") = "tests", "tests", "{0AB3BF05-4346-4AA6-1389-037BE0695223}"
EndProject
Project("{FAE04EC0-301F-11D3-BF4B-00C04F79EFBC}") = "ConfigTests", "tests\ConfigTests\ConfigTests.csproj", "{3186ED1F-3922-4DA0-8A3C-B3E73E62BFC7}"
EndProject
Project("{FAE04EC0-301F-11D3-BF4B-00C04F79EFBC}") = "MetricsTests", "tests\MetricsTests\MetricsTests.csproj", "{DF650E58-3046-49F8-81E4-B37C26D457BA}"
EndProject
Project("{FAE04EC0-301F-11D3-BF4B-00C04F79EFBC}") = "AgentUsageTests", "tests\AgentUsageTests\AgentUsageTests.csproj", "{97C69086-1812-403D-961E-E37A823661D1}"
EndProject
Project("{FAE04EC0-301F-11D3-BF4B-00C04F79EFBC}") = "LayoutTests", "tests\LayoutTests\LayoutTests.csproj", "{6D0B1801-CC5C-449E-8547-BDBB2CF22B0D}"
EndProject
Project("{FAE04EC0-301F-11D3-BF4B-00C04F79EFBC}") = "PaletteTests", "tests\PaletteTests\PaletteTests.csproj", "{AF768A72-5443-4814-9F24-C7AF150FBAFA}"
EndProject
Project("{2150E333-8FDC-42A3-9474-1A3956D46DE8}") = "ThirdParty", "ThirdParty", "{4FF576D6-A636-5E44-C28B-D3D72D2C829A}"
EndProject
Project("{2150E333-8FDC-42A3-9474-1A3956D46DE8}") = "Deskband11Lib", "Deskband11Lib", "{E54CBDC7-0FFF-C171-167A-B091D30A84F9}"
EndProject
Project("{FAE04EC0-301F-11D3-BF4B-00C04F79EFBC}") = "Deskband11Lib.Core", "src\ThirdParty\Deskband11Lib\Deskband11Lib.Core\Deskband11Lib.Core.csproj", "{A4569AE4-328B-436C-8AAD-E028495F6183}"
EndProject
Project("{FAE04EC0-301F-11D3-BF4B-00C04F79EFBC}") = "Deskband11Lib.Wpf", "src\ThirdParty\Deskband11Lib\Deskband11Lib.Wpf\Deskband11Lib.Wpf.csproj", "{FB1F4705-D42F-4703-BABB-24EBC04D4AA4}"
EndProject
Global
	GlobalSection(SolutionConfigurationPlatforms) = preSolution
		Debug|Any CPU = Debug|Any CPU
		Debug|x64 = Debug|x64
		Debug|x86 = Debug|x86
		Release|Any CPU = Release|Any CPU
		Release|x64 = Release|x64
		Release|x86 = Release|x86
	EndGlobalSection
	GlobalSection(ProjectConfigurationPlatforms) = postSolution
		{EE2C3D3E-1705-401D-8A8B-539F74856AAB}.Debug|Any CPU.ActiveCfg = Debug|Any CPU
		{EE2C3D3E-1705-401D-8A8B-539F74856AAB}.Debug|Any CPU.Build.0 = Debug|Any CPU
		{EE2C3D3E-1705-401D-8A8B-539F74856AAB}.Debug|x64.ActiveCfg = Debug|Any CPU
		{EE2C3D3E-1705-401D-8A8B-539F74856AAB}.Debug|x64.Build.0 = Debug|Any CPU
		{EE2C3D3E-1705-401D-8A8B-539F74856AAB}.Debug|x86.ActiveCfg = Debug|Any CPU
		{EE2C3D3E-1705-401D-8A8B-539F74856AAB}.Debug|x86.Build.0 = Debug|Any CPU
		{EE2C3D3E-1705-401D-8A8B-539F74856AAB}.Release|Any CPU.ActiveCfg = Release|Any CPU
		{EE2C3D3E-1705-401D-8A8B-539F74856AAB}.Release|Any CPU.Build.0 = Release|Any CPU
		{EE2C3D3E-1705-401D-8A8B-539F74856AAB}.Release|x64.ActiveCfg = Release|Any CPU
		{EE2C3D3E-1705-401D-8A8B-539F74856AAB}.Release|x64.Build.0 = Release|Any CPU
		{EE2C3D3E-1705-401D-8A8B-539F74856AAB}.Release|x86.ActiveCfg = Release|Any CPU
		{EE2C3D3E-1705-401D-8A8B-539F74856AAB}.Release|x86.Build.0 = Release|Any CPU
		{3186ED1F-3922-4DA0-8A3C-B3E73E62BFC7}.Debug|Any CPU.ActiveCfg = Debug|Any CPU
		{3186ED1F-3922-4DA0-8A3C-B3E73E62BFC7}.Debug|Any CPU.Build.0 = Debug|Any CPU
		{3186ED1F-3922-4DA0-8A3C-B3E73E62BFC7}.Debug|x64.ActiveCfg = Debug|Any CPU
		{3186ED1F-3922-4DA0-8A3C-B3E73E62BFC7}.Debug|x64.Build.0 = Debug|Any CPU
		{3186ED1F-3922-4DA0-8A3C-B3E73E62BFC7}.Debug|x86.ActiveCfg = Debug|Any CPU
		{3186ED1F-3922-4DA0-8A3C-B3E73E62BFC7}.Debug|x86.Build.0 = Debug|Any CPU
		{3186ED1F-3922-4DA0-8A3C-B3E73E62BFC7}.Release|Any CPU.ActiveCfg = Release|Any CPU
		{3186ED1F-3922-4DA0-8A3C-B3E73E62BFC7}.Release|Any CPU.Build.0 = Release|Any CPU
		{3186ED1F-3922-4DA0-8A3C-B3E73E62BFC7}.Release|x64.ActiveCfg = Release|Any CPU
		{3186ED1F-3922-4DA0-8A3C-B3E73E62BFC7}.Release|x64.Build.0 = Release|Any CPU
		{3186ED1F-3922-4DA0-8A3C-B3E73E62BFC7}.Release|x86.ActiveCfg = Release|Any CPU
		{3186ED1F-3922-4DA0-8A3C-B3E73E62BFC7}.Release|x86.Build.0 = Release|Any CPU
		{DF650E58-3046-49F8-81E4-B37C26D457BA}.Debug|Any CPU.ActiveCfg = Debug|Any CPU
		{DF650E58-3046-49F8-81E4-B37C26D457BA}.Debug|Any CPU.Build.0 = Debug|Any CPU
		{DF650E58-3046-49F8-81E4-B37C26D457BA}.Debug|x64.ActiveCfg = Debug|Any CPU
		{DF650E58-3046-49F8-81E4-B37C26D457BA}.Debug|x64.Build.0 = Debug|Any CPU
		{DF650E58-3046-49F8-81E4-B37C26D457BA}.Debug|x86.ActiveCfg = Debug|Any CPU
		{DF650E58-3046-49F8-81E4-B37C26D457BA}.Debug|x86.Build.0 = Debug|Any CPU
		{DF650E58-3046-49F8-81E4-B37C26D457BA}.Release|Any CPU.ActiveCfg = Release|Any CPU
		{DF650E58-3046-49F8-81E4-B37C26D457BA}.Release|Any CPU.Build.0 = Release|Any CPU
		{DF650E58-3046-49F8-81E4-B37C26D457BA}.Release|x64.ActiveCfg = Release|Any CPU
		{DF650E58-3046-49F8-81E4-B37C26D457BA}.Release|x64.Build.0 = Release|Any CPU
		{DF650E58-3046-49F8-81E4-B37C26D457BA}.Release|x86.ActiveCfg = Release|Any CPU
		{DF650E58-3046-49F8-81E4-B37C26D457BA}.Release|x86.Build.0 = Release|Any CPU
		{97C69086-1812-403D-961E-E37A823661D1}.Debug|Any CPU.ActiveCfg = Debug|Any CPU
		{97C69086-1812-403D-961E-E37A823661D1}.Debug|Any CPU.Build.0 = Debug|Any CPU
		{97C69086-1812-403D-961E-E37A823661D1}.Debug|x64.ActiveCfg = Debug|Any CPU
		{97C69086-1812-403D-961E-E37A823661D1}.Debug|x64.Build.0 = Debug|Any CPU
		{97C69086-1812-403D-961E-E37A823661D1}.Debug|x86.ActiveCfg = Debug|Any CPU
		{97C69086-1812-403D-961E-E37A823661D1}.Debug|x86.Build.0 = Debug|Any CPU
		{97C69086-1812-403D-961E-E37A823661D1}.Release|Any CPU.ActiveCfg = Release|Any CPU
		{97C69086-1812-403D-961E-E37A823661D1}.Release|Any CPU.Build.0 = Release|Any CPU
		{97C69086-1812-403D-961E-E37A823661D1}.Release|x64.ActiveCfg = Release|Any CPU
		{97C69086-1812-403D-961E-E37A823661D1}.Release|x64.Build.0 = Release|Any CPU
		{97C69086-1812-403D-961E-E37A823661D1}.Release|x86.ActiveCfg = Release|Any CPU
		{97C69086-1812-403D-961E-E37A823661D1}.Release|x86.Build.0 = Release|Any CPU
		{6D0B1801-CC5C-449E-8547-BDBB2CF22B0D}.Debug|Any CPU.ActiveCfg = Debug|Any CPU
		{6D0B1801-CC5C-449E-8547-BDBB2CF22B0D}.Debug|Any CPU.Build.0 = Debug|Any CPU
		{6D0B1801-CC5C-449E-8547-BDBB2CF22B0D}.Debug|x64.ActiveCfg = Debug|Any CPU
		{6D0B1801-CC5C-449E-8547-BDBB2CF22B0D}.Debug|x64.Build.0 = Debug|Any CPU
		{6D0B1801-CC5C-449E-8547-BDBB2CF22B0D}.Debug|x86.ActiveCfg = Debug|Any CPU
		{6D0B1801-CC5C-449E-8547-BDBB2CF22B0D}.Debug|x86.Build.0 = Debug|Any CPU
		{6D0B1801-CC5C-449E-8547-BDBB2CF22B0D}.Release|Any CPU.ActiveCfg = Release|Any CPU
		{6D0B1801-CC5C-449E-8547-BDBB2CF22B0D}.Release|Any CPU.Build.0 = Release|Any CPU
		{6D0B1801-CC5C-449E-8547-BDBB2CF22B0D}.Release|x64.ActiveCfg = Release|Any CPU
		{6D0B1801-CC5C-449E-8547-BDBB2CF22B0D}.Release|x64.Build.0 = Release|Any CPU
		{6D0B1801-CC5C-449E-8547-BDBB2CF22B0D}.Release|x86.ActiveCfg = Release|Any CPU
		{6D0B1801-CC5C-449E-8547-BDBB2CF22B0D}.Release|x86.Build.0 = Release|Any CPU
		{AF768A72-5443-4814-9F24-C7AF150FBAFA}.Debug|Any CPU.ActiveCfg = Debug|Any CPU
		{AF768A72-5443-4814-9F24-C7AF150FBAFA}.Debug|Any CPU.Build.0 = Debug|Any CPU
		{AF768A72-5443-4814-9F24-C7AF150FBAFA}.Debug|x64.ActiveCfg = Debug|Any CPU
		{AF768A72-5443-4814-9F24-C7AF150FBAFA}.Debug|x64.Build.0 = Debug|Any CPU
		{AF768A72-5443-4814-9F24-C7AF150FBAFA}.Debug|x86.ActiveCfg = Debug|Any CPU
		{AF768A72-5443-4814-9F24-C7AF150FBAFA}.Debug|x86.Build.0 = Debug|Any CPU
		{AF768A72-5443-4814-9F24-C7AF150FBAFA}.Release|Any CPU.ActiveCfg = Release|Any CPU
		{AF768A72-5443-4814-9F24-C7AF150FBAFA}.Release|Any CPU.Build.0 = Release|Any CPU
		{AF768A72-5443-4814-9F24-C7AF150FBAFA}.Release|x64.ActiveCfg = Release|Any CPU
		{AF768A72-5443-4814-9F24-C7AF150FBAFA}.Release|x64.Build.0 = Release|Any CPU
		{AF768A72-5443-4814-9F24-C7AF150FBAFA}.Release|x86.ActiveCfg = Release|Any CPU
		{AF768A72-5443-4814-9F24-C7AF150FBAFA}.Release|x86.Build.0 = Release|Any CPU
		{A4569AE4-328B-436C-8AAD-E028495F6183}.Debug|Any CPU.ActiveCfg = Debug|Any CPU
		{A4569AE4-328B-436C-8AAD-E028495F6183}.Debug|Any CPU.Build.0 = Debug|Any CPU
		{A4569AE4-328B-436C-8AAD-E028495F6183}.Debug|x64.ActiveCfg = Debug|Any CPU
		{A4569AE4-328B-436C-8AAD-E028495F6183}.Debug|x64.Build.0 = Debug|Any CPU
		{A4569AE4-328B-436C-8AAD-E028495F6183}.Debug|x86.ActiveCfg = Debug|Any CPU
		{A4569AE4-328B-436C-8AAD-E028495F6183}.Debug|x86.Build.0 = Debug|Any CPU
		{A4569AE4-328B-436C-8AAD-E028495F6183}.Release|Any CPU.ActiveCfg = Release|Any CPU
		{A4569AE4-328B-436C-8AAD-E028495F6183}.Release|Any CPU.Build.0 = Release|Any CPU
		{A4569AE4-328B-436C-8AAD-E028495F6183}.Release|x64.ActiveCfg = Release|Any CPU
		{A4569AE4-328B-436C-8AAD-E028495F6183}.Release|x64.Build.0 = Release|Any CPU
		{A4569AE4-328B-436C-8AAD-E028495F6183}.Release|x86.ActiveCfg = Release|Any CPU
		{A4569AE4-328B-436C-8AAD-E028495F6183}.Release|x86.Build.0 = Release|Any CPU
		{FB1F4705-D42F-4703-BABB-24EBC04D4AA4}.Debug|Any CPU.ActiveCfg = Debug|Any CPU
		{FB1F4705-D42F-4703-BABB-24EBC04D4AA4}.Debug|Any CPU.Build.0 = Debug|Any CPU
		{FB1F4705-D42F-4703-BABB-24EBC04D4AA4}.Debug|x64.ActiveCfg = Debug|Any CPU
		{FB1F4705-D42F-4703-BABB-24EBC04D4AA4}.Debug|x64.Build.0 = Debug|Any CPU
		{FB1F4705-D42F-4703-BABB-24EBC04D4AA4}.Debug|x86.ActiveCfg = Debug|Any CPU
		{FB1F4705-D42F-4703-BABB-24EBC04D4AA4}.Debug|x86.Build.0 = Debug|Any CPU
		{FB1F4705-D42F-4703-BABB-24EBC04D4AA4}.Release|Any CPU.ActiveCfg = Release|Any CPU
		{FB1F4705-D42F-4703-BABB-24EBC04D4AA4}.Release|Any CPU.Build.0 = Release|Any CPU
		{FB1F4705-D42F-4703-BABB-24EBC04D4AA4}.Release|x64.ActiveCfg = Release|Any CPU
		{FB1F4705-D42F-4703-BABB-24EBC04D4AA4}.Release|x64.Build.0 = Release|Any CPU
		{FB1F4705-D42F-4703-BABB-24EBC04D4AA4}.Release|x86.ActiveCfg = Release|Any CPU
		{FB1F4705-D42F-4703-BABB-24EBC04D4AA4}.Release|x86.Build.0 = Release|Any CPU
	EndGlobalSection
	GlobalSection(SolutionProperties) = preSolution
		HideSolutionNode = FALSE
	EndGlobalSection
	GlobalSection(NestedProjects) = preSolution
		{EE2C3D3E-1705-401D-8A8B-539F74856AAB} = {827E0CD3-B72D-47B6-A68D-7590B98EB39B}
		{3186ED1F-3922-4DA0-8A3C-B3E73E62BFC7} = {0AB3BF05-4346-4AA6-1389-037BE0695223}
		{DF650E58-3046-49F8-81E4-B37C26D457BA} = {0AB3BF05-4346-4AA6-1389-037BE0695223}
		{97C69086-1812-403D-961E-E37A823661D1} = {0AB3BF05-4346-4AA6-1389-037BE0695223}
		{6D0B1801-CC5C-449E-8547-BDBB2CF22B0D} = {0AB3BF05-4346-4AA6-1389-037BE0695223}
		{AF768A72-5443-4814-9F24-C7AF150FBAFA} = {0AB3BF05-4346-4AA6-1389-037BE0695223}
		{4FF576D6-A636-5E44-C28B-D3D72D2C829A} = {827E0CD3-B72D-47B6-A68D-7590B98EB39B}
		{E54CBDC7-0FFF-C171-167A-B091D30A84F9} = {4FF576D6-A636-5E44-C28B-D3D72D2C829A}
		{A4569AE4-328B-436C-8AAD-E028495F6183} = {E54CBDC7-0FFF-C171-167A-B091D30A84F9}
		{FB1F4705-D42F-4703-BABB-24EBC04D4AA4} = {E54CBDC7-0FFF-C171-167A-B091D30A84F9}
	EndGlobalSection
EndGlobal
